
Microsoft Visual Studio Solution File, Format Version 12.00
# Visual Studio 15
VisualStudioVersion = 15.0.27703.2026
MinimumVisualStudioVersion = 10.0.40219.1
Project("{FAE04EC0-301F-11D3-BF4B-00C04F79EFBC}") = "SQAT3Client", "SQAT3Client\SQAT3Client.csproj", "{7ADE55CE-150F-40E5-8DF0-F28D0095F82F}"
EndProject
Project("{FAE04EC0-301F-11D3-BF4B-00C04F79EFBC}") = "SqatData", "SqatData\SqatData.csproj", "{30F0BCBB-2871-462A-BFA7-1F8608F6EC93}"
EndProject
Project("{FAE04EC0-301F-11D3-BF4B-00C04F79EFBC}") = "SqatData.Test", "SqatData.Test\SqatData.Test.csproj", "{CEA43247-E641-49E1-BDC4-35664F872EF5}"
EndProject
Global
	GlobalSection(SolutionConfigurationPlatforms) = preSolution
		Debug|Any CPU = Debug|Any CPU
		Release|Any CPU = Release|Any CPU
	EndGlobalSection
	GlobalSection(ProjectConfigurationPlatforms) = postSolution
		{7ADE55CE-150F-40E5-8DF0-F28D0095F82F}.Debug|Any CPU.ActiveCfg = Debug|Any CPU
		{7ADE55CE-150F-40E5-8DF0-F28D0095F82F}.Debug|Any CPU.Build.0 = Debug|Any CPU
		{7ADE55CE-150F-40E5-8DF0-F28D0095F82F}.Release|Any CPU.ActiveCfg = Release|Any CPU
		{7ADE55CE-150F-40E5-8DF0-F28D0095F82F}.Release|Any CPU.Build.0 = Release|Any CPU
		{30F0BCBB-2871-462A-BFA7-1F8608F6EC93}.Debug|Any CPU.ActiveCfg = Debug|Any CPU
		{30F0BCBB-2871-462A-BFA7-1F8608F6EC93}.Debug|Any CPU.Build.0 = Debug|Any CPU
		{30F0BCBB-2871-462A-BFA7-1F8608F6EC93}.Release|Any CPU.ActiveCfg = Release|Any CPU
		{30F0BCBB-2871-462A-BFA7-1F8608F6EC93}.Release|Any CPU.Build.0 = Release|Any CPU
		{CEA43247-E641-49E1-BDC4-35664F872EF5}.Debug|Any CPU.ActiveCfg = Debug|Any CPU
		{CEA43247-E641-49E1-BDC4-35664F872EF5}.Debug|Any CPU.Build.0 = Debug|Any CPU
		{CEA43247-E641-49E1-BDC4-35664F872EF5}.Release|Any CPU.ActiveCfg = Release|Any CPU
		{CEA43247-E641-49E1-BDC4-35664F872EF5}.Release|Any CPU.Build.0 = Release|Any CPU
	EndGlobalSection
	GlobalSection(SolutionProperties) = preSolution
		HideSolutionNode = FALSE
	EndGlobalSection
	GlobalSection(ExtensibilityGlobals) = postSolution
		SolutionGuid = {C38BC8EC-5057-4889-903D-6029BC9839A1}
	EndGlobalSection
EndGlobal
